
Microsoft Visual Studio Solution File, Format Version 12.00
# Visual Studio Version 16
VisualStudioVersion = 16.0.810.20
MinimumVisualStudioVersion = 10.0.40219.1
Project("{FAE04EC0-301F-11D3-BF4B-00C04F79EFBC}") = "intex2", "intex2\intex2.csproj", "{7463CB44-B327-4A60-B90F-8F4ABC90E502}"
EndProject
Global
	GlobalSection(SolutionConfigurationPlatforms) = preSolution
		Debug|Any CPU = Debug|Any CPU
		Release|Any CPU = Release|Any CPU
	EndGlobalSection
	GlobalSection(ProjectConfigurationPlatforms) = postSolution
		{7463CB44-B327-4A60-B90F-8F4ABC90E502}.Debug|Any CPU.ActiveCfg = Debug|Any CPU
		{7463CB44-B327-4A60-B90F-8F4ABC90E502}.Debug|Any CPU.Build.0 = Debug|Any CPU
		{7463CB44-B327-4A60-B90F-8F4ABC90E502}.Release|Any CPU.ActiveCfg = Release|Any CPU
		{7463CB44-B327-4A60-B90F-8F4ABC90E502}.Release|Any CPU.Build.0 = Release|Any CPU
	EndGlobalSection
	GlobalSection(SolutionProperties) = preSolution
		HideSolutionNode = FALSE
	EndGlobalSection
	GlobalSection(ExtensibilityGlobals) = postSolution
		SolutionGuid = {D5F2EDBE-3C54-4A89-85A4-EEF38EECD350}
	EndGlobalSection
EndGlobal
